
Microsoft Visual Studio Solution File, Format Version 12.00
# Visual Studio 2013
VisualStudioVersion = 12.0.21005.1
MinimumVisualStudioVersion = 10.0.40219.1
Project("{FAE04EC0-301F-11D3-BF4B-00C04F79EFBC}") = "MyBlog", "MyBlog\MyBlog.csproj", "{BF75F860-D91E-4784-A445-551A10DBB142}"
EndProject
Project("{FAE04EC0-301F-11D3-BF4B-00C04F79EFBC}") = "BlogHelper", "BlogHelper\BlogHelper.csproj", "{BC530937-7EE1-4AD3-9DC1-496227066490}"
EndProject
Global
	GlobalSection(SolutionConfigurationPlatforms) = preSolution
		Debug|Any CPU = Debug|Any CPU
		Release|Any CPU = Release|Any CPU
	EndGlobalSection
	GlobalSection(ProjectConfigurationPlatforms) = postSolution
		{BF75F860-D91E-4784-A445-551A10DBB142}.Debug|Any CPU.ActiveCfg = Debug|Any CPU
		{BF75F860-D91E-4784-A445-551A10DBB142}.Debug|Any CPU.Build.0 = Debug|Any CPU
		{BF75F860-D91E-4784-A445-551A10DBB142}.Release|Any CPU.ActiveCfg = Release|Any CPU
		{BF75F860-D91E-4784-A445-551A10DBB142}.Release|Any CPU.Build.0 = Release|Any CPU
		{BC530937-7EE1-4AD3-9DC1-496227066490}.Debug|Any CPU.ActiveCfg = Debug|Any CPU
		{BC530937-7EE1-4AD3-9DC1-496227066490}.Debug|Any CPU.Build.0 = Debug|Any CPU
		{BC530937-7EE1-4AD3-9DC1-496227066490}.Release|Any CPU.ActiveCfg = Release|Any CPU
		{BC530937-7EE1-4AD3-9DC1-496227066490}.Release|Any CPU.Build.0 = Release|Any CPU
	EndGlobalSection
	GlobalSection(SolutionProperties) = preSolution
		HideSolutionNode = FALSE
	EndGlobalSection
EndGlobal
